
Microsoft Visual Studio Solution File, Format Version 12.00
# Visual Studio Version 17
VisualStudioVersion = 17.14.36717.8 d17.14
MinimumVisualStudioVersion = 10.0.40219.1
Project("{FAE04EC0-301F-11D3-BF4B-00C04F79EFBC}") = "DocRetrievalManagementAPI", "DocRetrievalManagementAPI\DocRetrievalManagementAPI.csproj", "{205D0722-63DD-4F73-A978-97EAF26ED0E7}"
EndProject
Global
	GlobalSection(SolutionConfigurationPlatforms) = preSolution
		Debug|Any CPU = Debug|Any CPU
		Release|Any CPU = Release|Any CPU
	EndGlobalSection
	GlobalSection(ProjectConfigurationPlatforms) = postSolution
		{205D0722-63DD-4F73-A978-97EAF26ED0E7}.Debug|Any CPU.ActiveCfg = Debug|Any CPU
		{205D0722-63DD-4F73-A978-97EAF26ED0E7}.Debug|Any CPU.Build.0 = Debug|Any CPU
		{205D0722-63DD-4F73-A978-97EAF26ED0E7}.Release|Any CPU.ActiveCfg = Release|Any CPU
		{205D0722-63DD-4F73-A978-97EAF26ED0E7}.Release|Any CPU.Build.0 = Release|Any CPU
	EndGlobalSection
	GlobalSection(SolutionProperties) = preSolution
		HideSolutionNode = FALSE
	EndGlobalSection
	GlobalSection(ExtensibilityGlobals) = postSolution
		SolutionGuid = {DACA022F-677F-4D50-9AD3-C08B8257AC3F}
	EndGlobalSection
EndGlobal
